{
  "version": 4,
  "terraform_version": "1.9.8",
  "serial": 80,
  "lineage": "bb008e24-eb99-b216-c945-34fbb323f3d5",
  "outputs": {
    "cluster_id": {
      "value": "c3df2dbc1188143aa86de3bc47335e063",
      "type": "string"
    },
    "cluster_name": {
      "value": "m5-prod-cluster",
      "type": "string"
    },
    "eip_address": {
      "value": "120.27.241.104",
      "type": "string"
    },
    "nat_gateway_id": {
      "value": "ngw-bp1uijyrhja3b3v6cjg8g",
      "type": "string"
    },
    "vpc_id": {
      "value": "vpc-bp1n56m354lc8hsw6eu8u",
      "type": "string"
    },
    "vswitch_ids": {
      "value": [
        "vsw-bp13in79yfk9bosdyttvx",
        "vsw-bp10om14vbon5je84h545",
        "vsw-bp12ox6h8icql351kdr77"
      ],
      "type": [
        "tuple",
        [
          "string",
          "string",
          "string"
        ]
      ]
    }
  },
  "resources": [
    {
      "mode": "managed",
      "type": "alicloud_cs_managed_kubernetes",
      "name": "main",
      "provider": "provider[\"registry.terraform.io/hashicorp/alicloud\"]",
      "instances": [
        {
          "schema_version": 0,
          "attributes": {
            "addons": [
              {
                "config": "",
                "disabled": false,
                "name": "kube-proxy",
                "version": ""
              },
              {
                "config": "",
                "disabled": false,
                "name": "coredns",
                "version": ""
              }
            ],
            "api_audiences": null,
            "audit_log_config": [
              {
                "enabled": false,
                "sls_project_name": ""
              }
            ],
            "auto_mode": [],
            "availability_zone": null,
            "certificate_authority": {
              "client_cert": "LS0tLS1CRUdJTiBDRVJUSUZJQ0FURS0tLS0tCk1JSUR6ekNDQXJlZ0F3SUJBZ0lJQWZIV0Iyd0FEQVF3RFFZSktvWklodmNOQVFFTEJRQXdRREVSTUE4R0ExVUUKQ2hNSWFHRnVaM3BvYjNVeEZqQVVCZ05WQkFzVERXRnNhV0poWW1FZ1kyeHZkV1F4RXpBUkJnTlZCQU1UQ210MQpZbVZ5Ym1WMFpYTXdIaGNOTWpZd056RTJNVFkwTlRBd1doY05Namt3TnpFMU1UWTFNREk1V2pCQU1SVXdFd1lEClZRUUtFd3h6ZVhOMFpXMDZkWE5sY25NeENUQUhCZ05WQkFzVEFERWNNQm9HQTFVRUF4TVRNekUxTlRNeU1UWXQKTVRjNE5ESXlNRFl5T1RDQ0FTSXdEUVlKS29aSWh2Y05BUUVCQlFBRGdnRVBBRENDQVFvQ2dnRUJBTFhKUGVxQwp5ODltYjNGUXlFL2pscVg2MGEvQ3d4SXpra2JjUHB3K3dWMjJrVElXeFdCOWxjc01EdjdKRldVS251cVVFMmdXClNjTWRlNG9NVUZWSGhOYmp2eUhiTkREcGx0V0F2UWNucmh4bUhWdmlUQS9Da0JQNG1PUW41RGFqUk01MmFxbUQKM2QwM0k0ZGxIODd6bmxEY3pOSXdEd2JFaWVRWW9SMFJyUjRIYzVEY00vVkRISkhFTy96S0pRdy80UDVGSjczUwpTdXJmQkFINFY2cjB6ak1OcnZzTU55SGlqLzlJVk96b3NOajNyd2VSU3grUmpCQjRRblRSSzBiSTFpWVhyMlljCm4vR2NMVW5DTGZRVi9QTFdKclVacE91RGR3REdCckxNWSs3MEJrbnBkeC9LL3RvRFRIYU8xbHlGU0crZzZER3kKVHp6YUx0NUFJdmlSRm1FQ0F3RUFBYU9CekRDQnlUQU9CZ05WSFE4QkFmOEVCQU1DQjRBd0V3WURWUjBsQkF3dwpDZ1lJS3dZQkJRVUhBd0l3REFZRFZSMFRBUUgvQkFJd0FEQWZCZ05WSFNNRUdEQVdnQlNKTlVoZnZPOS92bjkyCjh1TGVFc3BPWTM0U3JUQThCZ2dyQmdFRkJRY0JBUVF3TUM0d0xBWUlLd1lCQlFVSE1BR0dJR2gwZEhBNkx5OWoKWlhKMGN5NWhZM011WVd4cGVYVnVMbU52YlM5dlkzTndNRFVHQTFVZEh3UXVNQ3d3S3FBb29DYUdKR2gwZEhBNgpMeTlqWlhKMGN5NWhZM011WVd4cGVYVnVMbU52YlM5eWIyOTBMbU55YkRBTkJna3Foa2lHOXcwQkFRc0ZBQU9DCkFRRUFVaDhFOWxEQlkyNEQzVlBoUHhwdDZNMVVRc3FhYXd1TXRIVTNWWVdQeU9wMFA0MHRkSGxhUng2WlBaYW4Kd2diblVGcTVMR2Y0dm5yMmVPN3RCNThmZHY2NHozaldLdDc2ekYzUzRDdktBUHhNejhWcjhrM1pqa0RyNVVIVwpZbDBacTYwUmh3ckNpSFMxaU1FdWdOem42QTFlU2ViQkVWWXdzMXRiN3M1UHV6QUtLdlMxc0ZxRnFDN2IzbEV1CnU0eURicERkUmMzMzRyOHpyV3Z3Wk1VMHc2VlFxNkVVdHdNNktIOFhDUk1nOUVuaU1FLzNyYlRjQTdLMmU4b0QKZjNVTFdQeldyTDQrVkpYTHZ4Q0pwY0JkQzVNRWVWZ21nN20wZFpnK1NjelVBbjdVMGZaNFh0bUtraUJtTENsTwpSTSs4M2R3VjFLaWdhOTViczNCTWRKOUhTdz09Ci0tLS0tRU5EIENFUlRJRklDQVRFLS0tLS0K",
              "client_key": "LS0tLS1CRUdJTiBSU0EgUFJJVkFURSBLRVktLS0tLQpNSUlFb3dJQkFBS0NBUUVBdGNrOTZvTEx6Mlp2Y1ZESVQrT1dwZnJScjhMREVqT1NSdHcrbkQ3QlhiYVJNaGJGCllIMlZ5d3dPL3NrVlpRcWU2cFFUYUJaSnd4MTdpZ3hRVlVlRTF1Ty9JZHMwTU9tVzFZQzlCeWV1SEdZZFcrSk0KRDhLUUUvaVk1Q2ZrTnFORXpuWnFxWVBkM1RjamgyVWZ6dk9lVU56TTBqQVBCc1NKNUJpaEhSR3RIZ2R6a053ego5VU1ja2NRNy9Nb2xERC9nL2tVbnZkSks2dDhFQWZoWHF2VE9NdzJ1K3d3M0llS1AvMGhVN09pdzJQZXZCNUZMCkg1R01FSGhDZE5FclJzaldKaGV2Wmh5Zjhad3RTY0l0OUJYODh0WW10Um1rNjROM0FNWUdzc3hqN3ZRR1NlbDMKSDhyKzJnTk1kbzdXWElWSWI2RG9NYkpQUE5vdTNrQWkrSkVXWVFJREFRQUJBb0lCQUh4RzdERmE0Z01VUUxQegpTajV6bFJZNzl3WjEyKzZobXlzZWZ4OUtOOS9kWkQ0ZUd5bndNV3Z5L24xbzgxdDBlMWhiaXpqcG85dmtXQVQwCmppYi9FZTNuSFZBRUVCWXdXNUh5eFVnUzlKRXRybnlXcFBGUlRqYVpDYzFSQ0UvaUpyUVBlTFFURnFhWmY0eWMKc2JaR0RzR3hjY1Z3WFpWKzM5WTBrRkRUT01zQm5kV1UxTmxtVnBsQXAyRFZJZitzNlNESUo2Sm9WNCtaQUFrOApxa3JMcmdXNWdNN0FtbC93MWJKM1N6Und6RmJxbXNKem1nenJkUWJQYjM1algrWUhrMk1xbUM0ME9JaHMvY3VFCkl3UjMxVXFxWUdMNXZPNWRMN2VLY2ZiTDM0K2NPNkt6cWpRcGpHWVRtTXR3TmV3UWJVNWRQUmZJVGFwM0prTlgKOHh3ZDlNRUNnWUVBemdLNXA2Tk9JTzNsemlRVERaWXBxc3QyaXNRV2NCamRzRG1WTUN4N3lBQ3lFN3ViRHVXWQppK2Q1UUFkWWI0bXdHMWFUSGI2blYzVFZ4QWl1ZkZTVGptaVhMaDVMVTBFUVR4WUNEQ0tUeUREYzQ0alN4Um50CmVOemNHbW4rS1RkWkQ0enZNbmU3NElWNGxwL3JJTUtpK0dkbHpCdU92QXFCT2ZJMmRQWktoUFVDZ1lFQTRlV3oKVWtGa1E3UmY0SFRWNGxkbUNqMEo4Vkd1TFJsYkNTQU9ORjFTVTJxRCtoaFVNWDBjVjVZeEpMRHRuUjdKZjZRMApFUlM2N2haRng4YmdiNnpZaklxUnlZVmRNKzhSdDdZVkJqcVVnTUp1eEJGbzg2Z0Y4cStMekEwMk9yNDJMVmhaCndHcjRBajVUb3M0KzlORVdxblF2RVhQNVduUlpMbDJSdnJjd3lEMENnWUVBc2dNYzFjU0JJR2N4S2oxMTBVbXUKVzQxUXMzdlpQNmZjK0FmcDZDU29HUnl3dytoYWhqYlM2Q0Z1WG10NmVYYnFtOVRsYnRCdDNWNXgwT0VIbFJ1bwpIV2czS255Mjdndk13ZW5zZnZ2cDR4U0Y2bjh5VVdxa0Rzb1p6eUZEbyszVm9XQlEyTFVwdlVyWDlwL2RGd1BZCnV2anR0NzhnU1ZCeWRkWGNSSmtGcjNrQ2dZQUJYSXdQSTl2QjJMVjNPZDBNSnpDelFSanRQbXZKVTh6THFrakwKb2dCY0JsbFRTWkJBV0J1eW4zSWVZWDZkSXRGZUZwUkZ3aFU2V0NJRmlUcFRFZnlnSkRtcXVFWU9pUk5YUXg2dgpVZTBSTlpyTFRidVBOR1VNeUdnVVM4UVc2SXlWQzJKSEdaM3pEWU1kaVJheURReVE3SEJZTDVYQ0tNOWN5eTJVCnM2LzBsUUtCZ0FicmpvUW9XK2lBaDVBRnZhd2xZclllMi9NMHVTaVhuT0s0QTZ5SC9NRm9ucCtVZHdiZE84VkYKS2pXT2MrdEUrVjdlMThxa2U5d29uNkZESXB4ZXZLK3pXWEVEa3IrTTlJR0JIM09kOGxmZDdNVnMrZThxSGZMLwpnQU9tekdWSE9OenBkRjJNMmVvYjBuemZId0hBTVo1YjBqQ1BGc0Exd3dKeW1NbzlFV2loCi0tLS0tRU5EIFJTQSBQUklWQVRFIEtFWS0tLS0tCg==",
              "cluster_cert": "LS0tLS1CRUdJTiBDRVJUSUZJQ0FURS0tLS0tCk1JSUR2VENDQXFXZ0F3SUJBZ0lJQWZIVjFLd0FEQVF3RFFZSktvWklodmNOQVFFTEJRQXdRREVSTUE4R0ExVUUKQ2hNSWFHRnVaM3BvYjNVeEZqQVVCZ05WQkFzVERXRnNhV0poWW1FZ1kyeHZkV1F4RXpBUkJnTlZCQU1UQ210MQpZbVZ5Ym1WMFpYTXdJQmNOTWpZd056RTJNVFkwTXpBd1doZ1BNakExTmpBM01EZ3hOalE0TVRsYU1FQXhFVEFQCkJnTlZCQW9UQ0doaGJtZDZhRzkxTVJZd0ZBWURWUVFMRXcxaGJHbGlZV0poSUdOc2IzVmtNUk13RVFZRFZRUUQKRXdwcmRXSmxjbTVsZEdWek1JSUJJakFOQmdrcWhraUc5dzBCQVFFRkFBT0NBUThBTUlJQkNnS0NBUUVBcUh0UQpzQzllb1didG8yWEh6MjVVZ29EcWtGZGc2eEtPd28zQ1VzYUF2MkxZRHFEYWMwQy96TEZRZlo1alFmQVNhVnAwCnYwaDdWdWVPRzE4UzhFQmlKQ3VPUXRPUTN2WnZvTmcremV2Z2s2M0VPdnZvcDczSk11NGZ5S3d2YWlGSnc2d0gKTCtZWnhyNjdTN3Rpb3Z3OVgyUk94dTNYTHlxQnhTcVN6cUhBbVZhV3F4elN5MVhnWmVLamYxZ1JHL2VvK0F6eApQVFpvcUlmQ080TEVaRHNvdDNwNnVNTHpESUM3bFVJeEpkcFVlQnBwNktpQyt4WVh0d0hPaXEwQ2x0bTd0RkVKCnIrNkg2dkV6NVhtNytaVWpOZlNvaVZUZWU3d1E0ckpvSVZDZkQrZWVYUENraUF0c0N3bzZCQXk4WjVtSnhRZlQKSkhYbWY4UlB0bThpS0tENXB3SURBUUFCbzRHNE1JRzFNQTRHQTFVZER3RUIvd1FFQXdJQ3JEQVBCZ05WSFJNQgpBZjhFQlRBREFRSC9NQjBHQTFVZERnUVdCQlNKTlVoZnZPOS92bjkyOHVMZUVzcE9ZMzRTclRBOEJnZ3JCZ0VGCkJRY0JBUVF3TUM0d0xBWUlLd1lCQlFVSE1BR0dJR2gwZEhBNkx5OWpaWEowY3k1aFkzTXVZV3hwZVhWdUxtTnYKYlM5dlkzTndNRFVHQTFVZEh3UXVNQ3d3S3FBb29DYUdKR2gwZEhBNkx5OWpaWEowY3k1aFkzTXVZV3hwZVhWdQpMbU52YlM5eWIyOTBMbU55YkRBTkJna3Foa2lHOXcwQkFRc0ZBQU9DQVFFQW5sUWh5TFlocmI3Y2VOVHh0RG8vCmQxZklqeWdvSjNvWDh5THAxeGV0aVFxVkptZ3RJY05QT2kwcnpwOVl5dmJncVRNTVNGcXJGNXRwbWhHVVpGd0gKYithWUk5Yk1PcW1QNHo0R0hoZktmeVlteERJRVpLNy9vN3VzbkZ4RENBWjBtMEtncnljeVJsb0xpcGZXYmhQbApJWDUyMVdQWnV2L053MFE2UldTeDNIVm00VjVja1U2ZXVGTVZUckc1bVM0S1pjMnZZdzVOMGxETGdpMi9yaE8vCnBuVnhaTHdLWldPVjkxV1JraXc2NFBLTm9pZGhaZFQ2SGh5SWdPRmd6MDRmOTZjT3hYNnB6djQ1N3R5eVFRWk4KV1JXKzlidW1mS3pkZG9yWExNT1E4SVV3QWFBZWoyQVZROTVqYjJuVlNCb2ZhNnNWbUdQWW1RWkRpb3MwOFViQwpsdz09Ci0tLS0tRU5EIENFUlRJRklDQVRFLS0tLS0K"
            },
            "client_cert": null,
            "client_key": null,
            "cluster_ca_cert": null,
            "cluster_domain": "cluster.local",
            "cluster_network_type": null,
            "cluster_spec": "ack.standard",
            "connections": {
              "api_server_internet": "https://47.98.47.157:6443",
              "api_server_intranet": "https://10.0.1.33:6443",
              "master_public_ip": "47.98.47.157",
              "service_domain": "*.c3df2dbc1188143aa86de3bc47335e063.cn-hangzhou.alicontainer.com"
            },
            "control_plane_log_components": null,
            "control_plane_log_project": null,
            "control_plane_log_ttl": null,
            "cpu_policy": null,
            "custom_san": null,
            "delete_options": [],
            "deletion_protection": false,
            "disable_encryption": true,
            "enable_rrsa": false,
            "enable_ssh": null,
            "encryption_provider_key": "",
            "exclude_autoscaler_nodes": null,
            "force_update": null,
            "id": "c3df2dbc1188143aa86de3bc47335e063",
            "image_id": null,
            "install_cloud_monitor": null,
            "ip_stack": "ipv4",
            "is_enterprise_security_group": null,
            "key_name": null,
            "kms_encrypted_password": null,
            "kms_encryption_context": null,
            "kube_config": null,
            "load_balancer_spec": null,
            "log_config": [],
            "maintenance_window": [
              {
                "duration": "",
                "enable": false,
                "maintenance_time": "",
                "weekly_period": ""
              }
            ],
            "name": "m5-prod-cluster",
            "name_prefix": "Terraform-Creation",
            "nat_gateway_id": "ngw-bp1uijyrhja3b3v6cjg8g",
            "new_nat_gateway": false,
            "node_cidr_mask": 24,
            "node_name_mode": null,
            "node_port_range": null,
            "operation_policy": [],
            "os_type": null,
            "password": null,
            "platform": null,
            "pod_cidr": "172.20.0.0/16",
            "pod_vswitch_ids": null,
            "profile": "Default",
            "proxy_mode": "ipvs",
            "rds_instances": null,
            "resource_group_id": "rg-acfmoiyerpexnqa",
            "retain_resources": null,
            "rrsa_metadata": [
              {
                "enabled": false,
                "ram_oidc_provider_arn": "",
                "ram_oidc_provider_name": "",
                "rrsa_oidc_issuer_url": ""
              }
            ],
            "runtime": null,
            "security_group_id": "sg-bp10p9jizupsoygk7c2h",
            "service_account_issuer": null,
            "service_cidr": "172.21.0.0/20",
            "skip_set_certificate_authority": null,
            "slb_id": "lb-bp106jfvv92zmro9cdi3r",
            "slb_internet": "47.98.47.157",
            "slb_internet_enabled": true,
            "slb_intranet": "10.0.1.33",
            "tags": {
              "Environment": "production",
              "ManagedBy": "Terraform",
              "Name": "m5-prod-cluster"
            },
            "taints": [],
            "timeouts": null,
            "timezone": null,
            "upgrade_policy": [],
            "user_ca": null,
            "user_data": null,
            "version": "1.34.3-aliyun.1",
            "vpc_id": "vpc-bp1n56m354lc8hsw6eu8u",
            "vswitch_ids": [
              "vsw-bp13in79yfk9bosdyttvx",
              "vsw-bp10om14vbon5je84h545",
              "vsw-bp12ox6h8icql351kdr77"
            ],
            "worker_auto_renew": null,
            "worker_auto_renew_period": null,
            "worker_data_disk_category": null,
            "worker_data_disk_size": null,
            "worker_data_disks": [],
            "worker_disk_category": null,
            "worker_disk_performance_level": null,
            "worker_disk_size": null,
            "worker_disk_snapshot_policy_id": null,
            "worker_instance_charge_type": null,
            "worker_instance_type": null,
            "worker_instance_types": null,
            "worker_nodes": null,
            "worker_number": null,
            "worker_numbers": null,
            "worker_period": null,
            "worker_period_unit": null,
            "worker_ram_role_name": "KubernetesWorkerRole-44810db3-09f6-4f1a-b5e8-047ed386c87f",
            "worker_vswitch_ids": null,
            "zone_ids": null
          },
          "sensitive_attributes": [
            [
              {
                "type": "get_attr",
                "value": "password"
              }
            ]
          ],
          "private": "eyJlMmJmYjczMC1lY2FhLTExZTYtOGY4OC0zNDM2M2JjN2M0YzAiOnsiY3JlYXRlIjo1NDAwMDAwMDAwMDAwLCJkZWxldGUiOjM2MDAwMDAwMDAwMDAsInVwZGF0ZSI6MzYwMDAwMDAwMDAwMH19",
          "dependencies": [
            "alicloud_eip_address.nat",
            "alicloud_eip_association.nat",
            "alicloud_nat_gateway.main",
            "alicloud_vpc.main",
            "alicloud_vswitch.zone_a",
            "alicloud_vswitch.zone_b",
            "alicloud_vswitch.zone_c"
          ]
        }
      ]
    },
    {
      "mode": "managed",
      "type": "alicloud_eip_address",
      "name": "nat",
      "provider": "provider[\"registry.terraform.io/hashicorp/alicloud\"]",
      "instances": [
        {
          "schema_version": 0,
          "attributes": {
            "activity_id": null,
            "address_name": "m5-prod-cluster-nat-eip",
            "allocation_id": "eip-bp14sv7nv6uw6w9accmqu",
            "auto_pay": null,
            "bandwidth": "100",
            "create_time": "2026-07-16T14:18:44Z",
            "deletion_protection": false,
            "description": "",
            "high_definition_monitor_log_status": "OFF",
            "id": "eip-bp14sv7nv6uw6w9accmqu",
            "instance_charge_type": "PostPaid",
            "internet_charge_type": "PayByTraffic",
            "ip_address": "120.27.241.104",
            "isp": "BGP",
            "log_project": null,
            "log_store": null,
            "mode": "NAT",
            "name": "m5-prod-cluster-nat-eip",
            "netmode": "public",
            "payment_type": "PayAsYouGo",
            "period": null,
            "pricing_cycle": null,
            "public_ip_address_pool_id": null,
            "resource_group_id": "rg-acfmoiyerpexnqa",
            "security_protection_types": [],
            "status": "InUse",
            "tags": {
              "Environment": "production",
              "Name": "m5-prod-cluster-nat-eip"
            },
            "timeouts": null,
            "zone": null
          },
          "sensitive_attributes": [],
          "private": "eyJlMmJmYjczMC1lY2FhLTExZTYtOGY4OC0zNDM2M2JjN2M0YzAiOnsiY3JlYXRlIjo1NDAwMDAwMDAwMDAsImRlbGV0ZSI6NTQwMDAwMDAwMDAwLCJ1cGRhdGUiOjU0MDAwMDAwMDAwMH19"
        }
      ]
    },
    {
      "mode": "managed",
      "type": "alicloud_eip_association",
      "name": "nat",
      "provider": "provider[\"registry.terraform.io/hashicorp/alicloud\"]",
      "instances": [
        {
          "schema_version": 0,
          "attributes": {
            "allocation_id": "eip-bp14sv7nv6uw6w9accmqu",
            "force": null,
            "id": "eip-bp14sv7nv6uw6w9accmqu:ngw-bp1uijyrhja3b3v6cjg8g",
            "instance_id": "ngw-bp1uijyrhja3b3v6cjg8g",
            "instance_type": "Nat",
            "mode": "NAT",
            "private_ip_address": "",
            "timeouts": null,
            "vpc_id": ""
          },
          "sensitive_attributes": [],
          "private": "eyJlMmJmYjczMC1lY2FhLTExZTYtOGY4OC0zNDM2M2JjN2M0YzAiOnsiY3JlYXRlIjozMDAwMDAwMDAwMDAsImRlbGV0ZSI6MzAwMDAwMDAwMDAwLCJ1cGRhdGUiOjMwMDAwMDAwMDAwMH19",
          "dependencies": [
            "alicloud_eip_address.nat",
            "alicloud_nat_gateway.main",
            "alicloud_vpc.main",
            "alicloud_vswitch.zone_b"
          ]
        }
      ]
    },
    {
      "mode": "managed",
      "type": "alicloud_nat_gateway",
      "name": "main",
      "provider": "provider[\"registry.terraform.io/hashicorp/alicloud\"]",
      "instances": [
        {
          "schema_version": 0,
          "attributes": {
            "access_mode": [
              {
                "mode_value": null,
                "tunnel_type": null
              }
            ],
            "bandwidth_package_ids": null,
            "bandwidth_packages": [],
            "deletion_protection": false,
            "description": "",
            "dry_run": null,
            "eip_bind_mode": "MULTI_BINDED",
            "force": null,
            "forward_table_ids": "ftb-bp11vr8rvdllirp147nxv",
            "icmp_reply_enabled": true,
            "id": "ngw-bp1uijyrhja3b3v6cjg8g",
            "instance_charge_type": "PostPaid",
            "internet_charge_type": "PayByLcu",
            "name": "m5-prod-cluster-nat",
            "nat_gateway_name": "m5-prod-cluster-nat",
            "nat_type": "Enhanced",
            "network_type": "internet",
            "payment_type": "PayAsYouGo",
            "period": null,
            "private_link_enabled": false,
            "snat_table_ids": "stb-bp1qy1ogghpnq05i9k99w",
            "spec": null,
            "specification": "",
            "status": "Available",
            "tags": {
              "Environment": "production",
              "Name": "m5-prod-cluster-nat"
            },
            "timeouts": null,
            "vpc_id": "vpc-bp1n56m354lc8hsw6eu8u",
            "vswitch_id": "vsw-bp10om14vbon5je84h545"
          },
          "sensitive_attributes": [],
          "private": "eyJlMmJmYjczMC1lY2FhLTExZTYtOGY4OC0zNDM2M2JjN2M0YzAiOnsiY3JlYXRlIjo2MDAwMDAwMDAwMDAsImRlbGV0ZSI6NjAwMDAwMDAwMDAwLCJ1cGRhdGUiOjYwMDAwMDAwMDAwMH19",
          "dependencies": [
            "alicloud_vpc.main",
            "alicloud_vswitch.zone_b"
          ]
        }
      ]
    },
    {
      "mode": "managed",
      "type": "alicloud_vpc",
      "name": "main",
      "provider": "provider[\"registry.terraform.io/hashicorp/alicloud\"]",
      "instances": [
        {
          "schema_version": 0,
          "attributes": {
            "cidr_block": "10.0.0.0/16",
            "classic_link_enabled": false,
            "create_time": "2026-07-16T14:18:41Z",
            "description": "",
            "dns_hostname_status": "DISABLED",
            "dry_run": null,
            "enable_ipv6": false,
            "force_delete": null,
            "id": "vpc-bp1n56m354lc8hsw6eu8u",
            "ipv4_cidr_mask": null,
            "ipv4_ipam_pool_id": null,
            "ipv6_cidr_block": "",
            "ipv6_cidr_blocks": [],
            "ipv6_isp": null,
            "is_default": false,
            "name": "m5-prod-cluster-vpc",
            "region_id": "cn-hangzhou",
            "resource_group_id": "rg-acfmoiyerpexnqa",
            "route_table_id": "vtb-bp1bzemstwo4yawy8lt40",
            "router_id": "vrt-bp1nayew2a3yjws06vcf3",
            "router_table_id": "vtb-bp1bzemstwo4yawy8lt40",
            "secondary_cidr_blocks": [],
            "secondary_cidr_mask": null,
            "status": "Available",
            "system_route_table_description": "",
            "system_route_table_name": "",
            "system_route_table_route_propagation_enable": true,
            "tags": {
              "Environment": "production",
              "ManagedBy": "Terraform",
              "Name": "m5-prod-cluster-vpc"
            },
            "timeouts": null,
            "user_cidrs": [],
            "vpc_name": "m5-prod-cluster-vpc"
          },
          "sensitive_attributes": [],
          "private": "eyJlMmJmYjczMC1lY2FhLTExZTYtOGY4OC0zNDM2M2JjN2M0YzAiOnsiY3JlYXRlIjo2MDAwMDAwMDAwMDAsImRlbGV0ZSI6MzAwMDAwMDAwMDAwLCJ1cGRhdGUiOjMwMDAwMDAwMDAwMH19"
        }
      ]
    },
    {
      "mode": "managed",
      "type": "alicloud_vswitch",
      "name": "zone_a",
      "provider": "provider[\"registry.terraform.io/hashicorp/alicloud\"]",
      "instances": [
        {
          "schema_version": 0,
          "attributes": {
            "availability_zone": "cn-hangzhou-b",
            "cidr_block": "10.0.1.0/24",
            "create_time": "2026-07-16T14:20:15Z",
            "description": "",
            "enable_ipv6": false,
            "id": "vsw-bp13in79yfk9bosdyttvx",
            "ipv6_cidr_block": "",
            "ipv6_cidr_block_mask": null,
            "is_default": false,
            "name": "m5-prod-cluster-vswitch-a",
            "status": "Available",
            "tags": {
              "Environment": "production",
              "Name": "m5-prod-cluster-vswitch-a"
            },
            "timeouts": null,
            "vpc_id": "vpc-bp1n56m354lc8hsw6eu8u",
            "vpc_ipv6_cidr_block": null,
            "vswitch_name": "m5-prod-cluster-vswitch-a",
            "zone_id": "cn-hangzhou-b"
          },
          "sensitive_attributes": [],
          "private": "eyJlMmJmYjczMC1lY2FhLTExZTYtOGY4OC0zNDM2M2JjN2M0YzAiOnsiY3JlYXRlIjozMDAwMDAwMDAwMDAsImRlbGV0ZSI6NjAwMDAwMDAwMDAwLCJ1cGRhdGUiOjMwMDAwMDAwMDAwMH19",
          "dependencies": [
            "alicloud_vpc.main"
          ]
        }
      ]
    },
    {
      "mode": "managed",
      "type": "alicloud_vswitch",
      "name": "zone_b",
      "provider": "provider[\"registry.terraform.io/hashicorp/alicloud\"]",
      "instances": [
        {
          "schema_version": 0,
          "attributes": {
            "availability_zone": "cn-hangzhou-b",
            "cidr_block": "10.0.2.0/24",
            "create_time": "2026-07-16T14:18:47Z",
            "description": "",
            "enable_ipv6": false,
            "id": "vsw-bp10om14vbon5je84h545",
            "ipv6_cidr_block": "",
            "ipv6_cidr_block_mask": null,
            "is_default": false,
            "name": "m5-prod-cluster-vswitch-b",
            "status": "Available",
            "tags": {
              "Environment": "production",
              "Name": "m5-prod-cluster-vswitch-b"
            },
            "timeouts": null,
            "vpc_id": "vpc-bp1n56m354lc8hsw6eu8u",
            "vpc_ipv6_cidr_block": null,
            "vswitch_name": "m5-prod-cluster-vswitch-b",
            "zone_id": "cn-hangzhou-b"
          },
          "sensitive_attributes": [],
          "private": "eyJlMmJmYjczMC1lY2FhLTExZTYtOGY4OC0zNDM2M2JjN2M0YzAiOnsiY3JlYXRlIjozMDAwMDAwMDAwMDAsImRlbGV0ZSI6NjAwMDAwMDAwMDAwLCJ1cGRhdGUiOjMwMDAwMDAwMDAwMH19",
          "dependencies": [
            "alicloud_vpc.main"
          ]
        }
      ]
    },
    {
      "mode": "managed",
      "type": "alicloud_vswitch",
      "name": "zone_c",
      "provider": "provider[\"registry.terraform.io/hashicorp/alicloud\"]",
      "instances": [
        {
          "schema_version": 0,
          "attributes": {
            "availability_zone": "cn-hangzhou-b",
            "cidr_block": "10.0.3.0/24",
            "create_time": "2026-07-16T14:20:18Z",
            "description": "",
            "enable_ipv6": false,
            "id": "vsw-bp12ox6h8icql351kdr77",
            "ipv6_cidr_block": "",
            "ipv6_cidr_block_mask": null,
            "is_default": false,
            "name": "m5-prod-cluster-vswitch-c",
            "status": "Available",
            "tags": {
              "Environment": "production",
              "Name": "m5-prod-cluster-vswitch-c"
            },
            "timeouts": null,
            "vpc_id": "vpc-bp1n56m354lc8hsw6eu8u",
            "vpc_ipv6_cidr_block": null,
            "vswitch_name": "m5-prod-cluster-vswitch-c",
            "zone_id": "cn-hangzhou-b"
          },
          "sensitive_attributes": [],
          "private": "eyJlMmJmYjczMC1lY2FhLTExZTYtOGY4OC0zNDM2M2JjN2M0YzAiOnsiY3JlYXRlIjozMDAwMDAwMDAwMDAsImRlbGV0ZSI6NjAwMDAwMDAwMDAwLCJ1cGRhdGUiOjMwMDAwMDAwMDAwMH19",
          "dependencies": [
            "alicloud_vpc.main"
          ]
        }
      ]
    }
  ],
  "check_results": null
}
