{
  "version": 4,
  "terraform_version": "1.9.8",
  "serial": 55,
  "lineage": "bb008e24-eb99-b216-c945-34fbb323f3d5",
  "outputs": {
    "vpc_id": {
      "value": "vpc-bp1n56m354lc8hsw6eu8u",
      "type": "string"
    },
    "vswitch_ids": {
      "value": [
        "vsw-bp13in79yfk9bosdyttvx",
        "vsw-bp10om14vbon5je84h545",
        "vsw-bp12ox6h8icql351kdr77"
      ],
      "type": [
        "tuple",
        [
          "string",
          "string",
          "string"
        ]
      ]
    }
  },
  "resources": [
    {
      "mode": "managed",
      "type": "alicloud_eip_address",
      "name": "nat",
      "provider": "provider[\"registry.terraform.io/hashicorp/alicloud\"]",
      "instances": [
        {
          "schema_version": 0,
          "attributes": {
            "activity_id": null,
            "address_name": "m5-prod-cluster-nat-eip",
            "allocation_id": "eip-bp14sv7nv6uw6w9accmqu",
            "auto_pay": null,
            "bandwidth": "100",
            "create_time": "2026-07-16T14:18:44Z",
            "deletion_protection": false,
            "description": "",
            "high_definition_monitor_log_status": "OFF",
            "id": "eip-bp14sv7nv6uw6w9accmqu",
            "instance_charge_type": "PostPaid",
            "internet_charge_type": "PayByTraffic",
            "ip_address": "120.27.241.104",
            "isp": "BGP",
            "log_project": null,
            "log_store": null,
            "mode": "NAT",
            "name": "m5-prod-cluster-nat-eip",
            "netmode": "public",
            "payment_type": "PayAsYouGo",
            "period": null,
            "pricing_cycle": null,
            "public_ip_address_pool_id": null,
            "resource_group_id": "rg-acfmoiyerpexnqa",
            "security_protection_types": [],
            "status": "InUse",
            "tags": {
              "Environment": "production",
              "Name": "m5-prod-cluster-nat-eip"
            },
            "timeouts": null,
            "zone": null
          },
          "sensitive_attributes": [],
          "private": "eyJlMmJmYjczMC1lY2FhLTExZTYtOGY4OC0zNDM2M2JjN2M0YzAiOnsiY3JlYXRlIjo1NDAwMDAwMDAwMDAsImRlbGV0ZSI6NTQwMDAwMDAwMDAwLCJ1cGRhdGUiOjU0MDAwMDAwMDAwMH19"
        }
      ]
    },
    {
      "mode": "managed",
      "type": "alicloud_eip_association",
      "name": "nat",
      "provider": "provider[\"registry.terraform.io/hashicorp/alicloud\"]",
      "instances": [
        {
          "schema_version": 0,
          "attributes": {
            "allocation_id": "eip-bp14sv7nv6uw6w9accmqu",
            "force": null,
            "id": "eip-bp14sv7nv6uw6w9accmqu:ngw-bp1rf253rly15r5wmpd8q",
            "instance_id": "ngw-bp1rf253rly15r5wmpd8q",
            "instance_type": "Nat",
            "mode": "NAT",
            "private_ip_address": "",
            "timeouts": null,
            "vpc_id": ""
          },
          "sensitive_attributes": [],
          "private": "eyJlMmJmYjczMC1lY2FhLTExZTYtOGY4OC0zNDM2M2JjN2M0YzAiOnsiY3JlYXRlIjozMDAwMDAwMDAwMDAsImRlbGV0ZSI6MzAwMDAwMDAwMDAwLCJ1cGRhdGUiOjMwMDAwMDAwMDAwMH19",
          "dependencies": [
            "alicloud_eip_address.nat",
            "alicloud_nat_gateway.main",
            "alicloud_vpc.main",
            "alicloud_vswitch.zone_b"
          ]
        }
      ]
    },
    {
      "mode": "managed",
      "type": "alicloud_nat_gateway",
      "name": "main",
      "provider": "provider[\"registry.terraform.io/hashicorp/alicloud\"]",
      "instances": [
        {
          "schema_version": 0,
          "attributes": {
            "access_mode": [
              {
                "mode_value": null,
                "tunnel_type": null
              }
            ],
            "bandwidth_package_ids": null,
            "bandwidth_packages": [],
            "deletion_protection": false,
            "description": "",
            "dry_run": null,
            "eip_bind_mode": "MULTI_BINDED",
            "force": null,
            "forward_table_ids": "ftb-bp13ujj0e2wwjlsjbaclp",
            "icmp_reply_enabled": true,
            "id": "ngw-bp1rf253rly15r5wmpd8q",
            "instance_charge_type": "PostPaid",
            "internet_charge_type": "PayByLcu",
            "name": "m5-prod-cluster-nat",
            "nat_gateway_name": "m5-prod-cluster-nat",
            "nat_type": "Enhanced",
            "network_type": "internet",
            "payment_type": "PayAsYouGo",
            "period": null,
            "private_link_enabled": false,
            "snat_table_ids": "stb-bp1c7gh3nvwjc7myak18u",
            "spec": null,
            "specification": "",
            "status": "Available",
            "tags": {
              "Environment": "production",
              "Name": "m5-prod-cluster-nat"
            },
            "timeouts": null,
            "vpc_id": "vpc-bp1n56m354lc8hsw6eu8u",
            "vswitch_id": "vsw-bp13in79yfk9bosdyttvx"
          },
          "sensitive_attributes": [],
          "private": "eyJlMmJmYjczMC1lY2FhLTExZTYtOGY4OC0zNDM2M2JjN2M0YzAiOnsiY3JlYXRlIjo2MDAwMDAwMDAwMDAsImRlbGV0ZSI6NjAwMDAwMDAwMDAwLCJ1cGRhdGUiOjYwMDAwMDAwMDAwMH19",
          "dependencies": [
            "alicloud_vpc.main",
            "alicloud_vswitch.zone_b"
          ]
        }
      ]
    },
    {
      "mode": "managed",
      "type": "alicloud_security_group",
      "name": "main",
      "provider": "provider[\"registry.terraform.io/hashicorp/alicloud\"]",
      "instances": [
        {
          "schema_version": 0,
          "attributes": {
            "create_time": "2026-07-16T15:01:22Z",
            "description": "",
            "id": "sg-bp1fl1o2tnnrltw67dgp",
            "inner_access": true,
            "inner_access_policy": "Accept",
            "name": "m5-prod-cluster-sg",
            "resource_group_id": "",
            "security_group_name": "m5-prod-cluster-sg",
            "security_group_type": "normal",
            "tags": {
              "Environment": "production",
              "Name": "m5-prod-cluster-sg"
            },
            "timeouts": null,
            "vpc_id": "vpc-bp1n56m354lc8hsw6eu8u"
          },
          "sensitive_attributes": [],
          "private": "eyJlMmJmYjczMC1lY2FhLTExZTYtOGY4OC0zNDM2M2JjN2M0YzAiOnsiY3JlYXRlIjozMDAwMDAwMDAwMDAsImRlbGV0ZSI6NjAwMDAwMDAwMDAwLCJ1cGRhdGUiOjMwMDAwMDAwMDAwMH19",
          "dependencies": [
            "alicloud_vpc.main"
          ]
        }
      ]
    },
    {
      "mode": "managed",
      "type": "alicloud_security_group_rule",
      "name": "allow_internal",
      "provider": "provider[\"registry.terraform.io/hashicorp/alicloud\"]",
      "instances": [
        {
          "schema_version": 0,
          "attributes": {
            "cidr_ip": "10.0.0.0/16",
            "description": "",
            "id": "sg-bp1fl1o2tnnrltw67dgp:ingress:all:-1/-1:intranet:10.0.0.0/16:accept:1",
            "ip_protocol": "all",
            "ipv6_cidr_ip": "",
            "nic_type": "intranet",
            "policy": "accept",
            "port_range": "-1/-1",
            "prefix_list_id": "",
            "priority": 1,
            "security_group_id": "sg-bp1fl1o2tnnrltw67dgp",
            "security_group_rule_id": "sgr-bp18qxd8317gl7gt15ol",
            "source_group_owner_account": "",
            "source_security_group_id": "",
            "type": "ingress"
          },
          "sensitive_attributes": [],
          "private": "bnVsbA==",
          "dependencies": [
            "alicloud_security_group.main",
            "alicloud_vpc.main"
          ]
        }
      ]
    },
    {
      "mode": "managed",
      "type": "alicloud_vpc",
      "name": "main",
      "provider": "provider[\"registry.terraform.io/hashicorp/alicloud\"]",
      "instances": [
        {
          "schema_version": 0,
          "attributes": {
            "cidr_block": "10.0.0.0/16",
            "classic_link_enabled": false,
            "create_time": "2026-07-16T14:18:41Z",
            "description": "",
            "dns_hostname_status": "DISABLED",
            "dry_run": null,
            "enable_ipv6": false,
            "force_delete": null,
            "id": "vpc-bp1n56m354lc8hsw6eu8u",
            "ipv4_cidr_mask": null,
            "ipv4_ipam_pool_id": null,
            "ipv6_cidr_block": "",
            "ipv6_cidr_blocks": [],
            "ipv6_isp": null,
            "is_default": false,
            "name": "m5-prod-cluster-vpc",
            "region_id": "cn-hangzhou",
            "resource_group_id": "rg-acfmoiyerpexnqa",
            "route_table_id": "vtb-bp1bzemstwo4yawy8lt40",
            "router_id": "vrt-bp1nayew2a3yjws06vcf3",
            "router_table_id": "vtb-bp1bzemstwo4yawy8lt40",
            "secondary_cidr_blocks": [],
            "secondary_cidr_mask": null,
            "status": "Available",
            "system_route_table_description": "",
            "system_route_table_name": "",
            "system_route_table_route_propagation_enable": true,
            "tags": {
              "Environment": "production",
              "ManagedBy": "Terraform",
              "Name": "m5-prod-cluster-vpc"
            },
            "timeouts": null,
            "user_cidrs": [],
            "vpc_name": "m5-prod-cluster-vpc"
          },
          "sensitive_attributes": [],
          "private": "eyJlMmJmYjczMC1lY2FhLTExZTYtOGY4OC0zNDM2M2JjN2M0YzAiOnsiY3JlYXRlIjo2MDAwMDAwMDAwMDAsImRlbGV0ZSI6MzAwMDAwMDAwMDAwLCJ1cGRhdGUiOjMwMDAwMDAwMDAwMH19"
        }
      ]
    },
    {
      "mode": "managed",
      "type": "alicloud_vswitch",
      "name": "zone_a",
      "provider": "provider[\"registry.terraform.io/hashicorp/alicloud\"]",
      "instances": [
        {
          "schema_version": 0,
          "attributes": {
            "availability_zone": "cn-hangzhou-b",
            "cidr_block": "10.0.1.0/24",
            "create_time": "2026-07-16T14:20:15Z",
            "description": "",
            "enable_ipv6": false,
            "id": "vsw-bp13in79yfk9bosdyttvx",
            "ipv6_cidr_block": "",
            "ipv6_cidr_block_mask": null,
            "is_default": false,
            "name": "m5-prod-cluster-vswitch-a",
            "status": "Available",
            "tags": {
              "Environment": "production",
              "Name": "m5-prod-cluster-vswitch-a"
            },
            "timeouts": null,
            "vpc_id": "vpc-bp1n56m354lc8hsw6eu8u",
            "vpc_ipv6_cidr_block": null,
            "vswitch_name": "m5-prod-cluster-vswitch-a",
            "zone_id": "cn-hangzhou-b"
          },
          "sensitive_attributes": [],
          "private": "eyJlMmJmYjczMC1lY2FhLTExZTYtOGY4OC0zNDM2M2JjN2M0YzAiOnsiY3JlYXRlIjozMDAwMDAwMDAwMDAsImRlbGV0ZSI6NjAwMDAwMDAwMDAwLCJ1cGRhdGUiOjMwMDAwMDAwMDAwMH19",
          "dependencies": [
            "alicloud_vpc.main"
          ]
        }
      ]
    },
    {
      "mode": "managed",
      "type": "alicloud_vswitch",
      "name": "zone_b",
      "provider": "provider[\"registry.terraform.io/hashicorp/alicloud\"]",
      "instances": [
        {
          "schema_version": 0,
          "attributes": {
            "availability_zone": "cn-hangzhou-b",
            "cidr_block": "10.0.2.0/24",
            "create_time": "2026-07-16T14:18:47Z",
            "description": "",
            "enable_ipv6": false,
            "id": "vsw-bp10om14vbon5je84h545",
            "ipv6_cidr_block": "",
            "ipv6_cidr_block_mask": null,
            "is_default": false,
            "name": "m5-prod-cluster-vswitch-b",
            "status": "Available",
            "tags": {
              "Environment": "production",
              "Name": "m5-prod-cluster-vswitch-b"
            },
            "timeouts": null,
            "vpc_id": "vpc-bp1n56m354lc8hsw6eu8u",
            "vpc_ipv6_cidr_block": null,
            "vswitch_name": "m5-prod-cluster-vswitch-b",
            "zone_id": "cn-hangzhou-b"
          },
          "sensitive_attributes": [],
          "private": "eyJlMmJmYjczMC1lY2FhLTExZTYtOGY4OC0zNDM2M2JjN2M0YzAiOnsiY3JlYXRlIjozMDAwMDAwMDAwMDAsImRlbGV0ZSI6NjAwMDAwMDAwMDAwLCJ1cGRhdGUiOjMwMDAwMDAwMDAwMH19",
          "dependencies": [
            "alicloud_vpc.main"
          ]
        }
      ]
    },
    {
      "mode": "managed",
      "type": "alicloud_vswitch",
      "name": "zone_c",
      "provider": "provider[\"registry.terraform.io/hashicorp/alicloud\"]",
      "instances": [
        {
          "schema_version": 0,
          "attributes": {
            "availability_zone": "cn-hangzhou-b",
            "cidr_block": "10.0.3.0/24",
            "create_time": "2026-07-16T14:20:18Z",
            "description": "",
            "enable_ipv6": false,
            "id": "vsw-bp12ox6h8icql351kdr77",
            "ipv6_cidr_block": "",
            "ipv6_cidr_block_mask": null,
            "is_default": false,
            "name": "m5-prod-cluster-vswitch-c",
            "status": "Available",
            "tags": {
              "Environment": "production",
              "Name": "m5-prod-cluster-vswitch-c"
            },
            "timeouts": null,
            "vpc_id": "vpc-bp1n56m354lc8hsw6eu8u",
            "vpc_ipv6_cidr_block": null,
            "vswitch_name": "m5-prod-cluster-vswitch-c",
            "zone_id": "cn-hangzhou-b"
          },
          "sensitive_attributes": [],
          "private": "eyJlMmJmYjczMC1lY2FhLTExZTYtOGY4OC0zNDM2M2JjN2M0YzAiOnsiY3JlYXRlIjozMDAwMDAwMDAwMDAsImRlbGV0ZSI6NjAwMDAwMDAwMDAwLCJ1cGRhdGUiOjMwMDAwMDAwMDAwMH19",
          "dependencies": [
            "alicloud_vpc.main"
          ]
        }
      ]
    }
  ],
  "check_results": null
}
